
Microsoft Visual Studio Solution File, Format Version 12.00
# Visual Studio Version 16
VisualStudioVersion = 25.0.1704.4
MinimumVisualStudioVersion = 10.0.40219.1
Project("{FAE04EC0-301F-11D3-BF4B-00C04F79EFBC}") = "monogame-template", "monogame-template\monogame-template.csproj", "{14E9F844-9F42-4C1B-B88D-9D733173E101}"
EndProject
Global
	GlobalSection(SolutionConfigurationPlatforms) = preSolution
		Debug|Any CPU = Debug|Any CPU
		Release|Any CPU = Release|Any CPU
	EndGlobalSection
	GlobalSection(ProjectConfigurationPlatforms) = postSolution
		{14E9F844-9F42-4C1B-B88D-9D733173E101}.Debug|Any CPU.ActiveCfg = Debug|Any CPU
		{14E9F844-9F42-4C1B-B88D-9D733173E101}.Debug|Any CPU.Build.0 = Debug|Any CPU
		{14E9F844-9F42-4C1B-B88D-9D733173E101}.Release|Any CPU.ActiveCfg = Release|Any CPU
		{14E9F844-9F42-4C1B-B88D-9D733173E101}.Release|Any CPU.Build.0 = Release|Any CPU
	EndGlobalSection
	GlobalSection(SolutionProperties) = preSolution
		HideSolutionNode = FALSE
	EndGlobalSection
	GlobalSection(ExtensibilityGlobals) = postSolution
		SolutionGuid = {30F0F2DE-EA37-417D-9605-AF2407A34F37}
	EndGlobalSection
EndGlobal
